// !$*UTF8*$!
{
	archiveVersion = 1;
	classes = {
	};
	objectVersion = 56;
	objects = {

/* Begin PBXBuildFile section */
		DDE9A2F12BCD061000D23ED9 /* AppDelegate.swift in Sources */ = {isa = PBXBuildFile; fileRef = DDE9A2F02BCD061000D23ED9 /* AppDelegate.swift */; };
		DDE9A2F32BCD061000D23ED9 /* SceneDelegate.swift in Sources */ = {isa = PBXBuildFile; fileRef = DDE9A2F22BCD061000D23ED9 /* SceneDelegate.swift */; };
		DDE9A2F52BCD061000D23ED9 /* ViewController.swift in Sources */ = {isa = PBXBuildFile; fileRef = DDE9A2F42BCD061000D23ED9 /* ViewController.swift */; };
		DDE9A2F82BCD061000D23ED9 /* Main.storyboard in Resources */ = {isa = PBXBuildFile; fileRef = DDE9A2F62BCD061000D23ED9 /* Main.storyboard */; };
		DDE9A2FA2BCD061100D23ED9 /* Assets.xcassets in Resources */ = {isa = PBXBuildFile; fileRef = DDE9A2F92BCD061100D23ED9 /* Assets.xcassets */; };
		DDE9A2FD2BCD061100D23ED9 /* LaunchScreen.storyboard in Resources */ = {isa = PBXBuildFile; fileRef = DDE9A2FB2BCD061100D23ED9 /* LaunchScreen.storyboard */; };
		DDE9A3062BCD063600D23ED9 /* Todo.xcdatamodeld in Sources */ = {isa = PBXBuildFile; fileRef = DDE9A3042BCD063600D23ED9 /* Todo.xcdatamodeld */; };
		DDE9A3082BCD06EF00D23ED9 /* CoreDataManager.swift in Sources */ = {isa = PBXBuildFile; fileRef = DDE9A3072BCD06EF00D23ED9 /* CoreDataManager.swift */; };
		DDE9A30A2BCD083400D23ED9 /* TodoTableViewCell.swift in Sources */ = {isa = PBXBuildFile; fileRef = DDE9A3092BCD083400D23ED9 /* TodoTableViewCell.swift */; };
/* End PBXBuildFile section */

/* Begin PBXFileReference section */
		DDE9A2ED2BCD061000D23ED9 /* CoreTodoExample.app */ = {isa = PBXFileReference; explicitFileType = wrapper.application; includeInIndex = 0; path = CoreTodoExample.app; sourceTree = BUILT_PRODUCTS_DIR; };
		DDE9A2F02BCD061000D23ED9 /* AppDelegate.swift */ = {isa = PBXFileReference; lastKnownFileType = sourcecode.swift; path = AppDelegate.swift; sourceTree = "<group>"; };
		DDE9A2F22BCD061000D23ED9 /* SceneDelegate.swift */ = {isa = PBXFileReference; lastKnownFileType = sourcecode.swift; path = SceneDelegate.swift; sourceTree = "<group>"; };
		DDE9A2F42BCD061000D23ED9 /* ViewController.swift */ = {isa = PBXFileReference; lastKnownFileType = sourcecode.swift; path = ViewController.swift; sourceTree = "<group>"; };
		DDE9A2F72BCD061000D23ED9 /* Base */ = {isa = PBXFileReference; lastKnownFileType = file.storyboard; name = Base; path = Base.lproj/Main.storyboard; sourceTree = "<group>"; };
		DDE9A2F92BCD061100D23ED9 /* Assets.xcassets */ = {isa = PBXFileReference; lastKnownFileType = folder.assetcatalog; path = Assets.xcassets; sourceTree = "<group>"; };
		DDE9A2FC2BCD061100D23ED9 /* Base */ = {isa = PBXFileReference; lastKnownFileType = file.storyboard; name = Base; path = Base.lproj/LaunchScreen.storyboard; sourceTree = "<group>"; };
		DDE9A2FE2BCD061100D23ED9 /* Info.plist */ = {isa = PBXFileReference; lastKnownFileType = text.plist.xml; path = Info.plist; sourceTree = "<group>"; };
		DDE9A3052BCD063600D23ED9 /* Todo.xcdatamodel */ = {isa = PBXFileReference; lastKnownFileType = wrapper.xcdatamodel; path = Todo.xcdatamodel; sourceTree = "<group>"; };
		DDE9A3072BCD06EF00D23ED9 /* CoreDataManager.swift */ = {isa = PBXFileReference; lastKnownFileType = sourcecode.swift; path = CoreDataManager.swift; sourceTree = "<group>"; };
		DDE9A3092BCD083400D23ED9 /* TodoTableViewCell.swift */ = {isa = PBXFileReference; lastKnownFileType = sourcecode.swift; path = TodoTableViewCell.swift; sourceTree = "<group>"; };
/* End PBXFileReference section */

/* Begin PBXFrameworksBuildPhase section */
		DDE9A2EA2BCD061000D23ED9 /* Frameworks */ = {
			isa = PBXFrameworksBuildPhase;
			buildActionMask = 2147483647;
			files = (
			);
			runOnlyForDeploymentPostprocessing = 0;
		};
/* End PBXFrameworksBuildPhase section */

/* Begin PBXGroup section */
		DDE9A2E42BCD061000D23ED9 = {
			isa = PBXGroup;
			children = (
				DDE9A2EF2BCD061000D23ED9 /* CoreTodoExample */,
				DDE9A2EE2BCD061000D23ED9 /* Products */,
			);
			sourceTree = "<group>";
		};
		DDE9A2EE2BCD061000D23ED9 /* Products */ = {
			isa = PBXGroup;
			children = (
				DDE9A2ED2BCD061000D23ED9 /* CoreTodoExample.app */,
			);
			name = Products;
			sourceTree = "<group>";
		};
		DDE9A2EF2BCD061000D23ED9 /* CoreTodoExample */ = {
			isa = PBXGroup;
			children = (
				DDE9A2F02BCD061000D23ED9 /* AppDelegate.swift */,
				DDE9A2F22BCD061000D23ED9 /* SceneDelegate.swift */,
				DDE9A2F42BCD061000D23ED9 /* ViewController.swift */,
				DDE9A2F62BCD061000D23ED9 /* Main.storyboard */,
				DDE9A2F92BCD061100D23ED9 /* Assets.xcassets */,
				DDE9A2FB2BCD061100D23ED9 /* LaunchScreen.storyboard */,
				DDE9A2FE2BCD061100D23ED9 /* Info.plist */,
				DDE9A3042BCD063600D23ED9 /* Todo.xcdatamodeld */,
				DDE9A3072BCD06EF00D23ED9 /* CoreDataManager.swift */,
				DDE9A3092BCD083400D23ED9 /* TodoTableViewCell.swift */,
			);
			path = CoreTodoExample;
			sourceTree = "<group>";
		};
/* End PBXGroup section */

/* Begin PBXNativeTarget section */
		DDE9A2EC2BCD061000D23ED9 /* CoreTodoExample */ = {
			isa = PBXNativeTarget;
			buildConfigurationList = DDE9A3012BCD061100D23ED9 /* Build configuration list for PBXNativeTarget "CoreTodoExample" */;
			buildPhases = (
				DDE9A2E92BCD061000D23ED9 /* Sources */,
				DDE9A2EA2BCD061000D23ED9 /* Frameworks */,
				DDE9A2EB2BCD061000D23ED9 /* Resources */,
			);
			buildRules = (
			);
			dependencies = (
			);
			name = CoreTodoExample;
			productName = CoreTodoExample;
			productReference = DDE9A2ED2BCD061000D23ED9 /* CoreTodoExample.app */;
			productType = "com.apple.product-type.application";
		};
/* End PBXNativeTarget section */

/* Begin PBXProject section */
		DDE9A2E52BCD061000D23ED9 /* Project object */ = {
			isa = PBXProject;
			attributes = {
				BuildIndependentTargetsInParallel = 1;
				LastSwiftUpdateCheck = 1500;
				LastUpgradeCheck = 1500;
				TargetAttributes = {
					DDE9A2EC2BCD061000D23ED9 = {
						CreatedOnToolsVersion = 15.0.1;
					};
				};
			};
			buildConfigurationList = DDE9A2E82BCD061000D23ED9 /* Build configuration list for PBXProject "CoreTodoExample" */;
			compatibilityVersion = "Xcode 14.0";
			developmentRegion = en;
			hasScannedForEncodings = 0;
			knownRegions = (
				en,
				Base,
			);
			mainGroup = DDE9A2E42BCD061000D23ED9;
			productRefGroup = DDE9A2EE2BCD061000D23ED9 /* Products */;
			projectDirPath = "";
			projectRoot = "";
			targets = (
				DDE9A2EC2BCD061000D23ED9 /* CoreTodoExample */,
			);
		};
/* End PBXProject section */

/* Begin PBXResourcesBuildPhase section */
		DDE9A2EB2BCD061000D23ED9 /* Resources */ = {
			isa = PBXResourcesBuildPhase;
			buildActionMask = 2147483647;
			files = (
				DDE9A2FD2BCD061100D23ED9 /* LaunchScreen.storyboard in Resources */,
				DDE9A2FA2BCD061100D23ED9 /* Assets.xcassets in Resources */,
				DDE9A2F82BCD061000D23ED9 /* Main.storyboard in Resources */,
			);
			runOnlyForDeploymentPostprocessing = 0;
		};
/* End PBXResourcesBuildPhase section */

/* Begin PBXSourcesBuildPhase section */
		DDE9A2E92BCD061000D23ED9 /* Sources */ = {
			isa = PBXSourcesBuildPhase;
			buildActionMask = 2147483647;
			files = (
				DDE9A2F52BCD061000D23ED9 /* ViewController.swift in Sources */,
				DDE9A2F12BCD061000D23ED9 /* AppDelegate.swift in Sources */,
				DDE9A2F32BCD061000D23ED9 /* SceneDelegate.swift in Sources */,
				DDE9A30A2BCD083400D23ED9 /* TodoTableViewCell.swift in Sources */,
				DDE9A3082BCD06EF00D23ED9 /* CoreDataManager.swift in Sources */,
				DDE9A3062BCD063600D23ED9 /* Todo.xcdatamodeld in Sources */,
			);
			runOnlyForDeploymentPostprocessing = 0;
		};
/* End PBXSourcesBuildPhase section */

/* Begin PBXVariantGroup section */
		DDE9A2F62BCD061000D23ED9 /* Main.storyboard */ = {
			isa = PBXVariantGroup;
			children = (
				DDE9A2F72BCD061000D23ED9 /* Base */,
			);
			name = Main.storyboard;
			sourceTree = "<group>";
		};
		DDE9A2FB2BCD061100D23ED9 /* LaunchScreen.storyboard */ = {
			isa = PBXVariantGroup;
			children = (
				DDE9A2FC2BCD061100D23ED9 /* Base */,
			);
			name = LaunchScreen.storyboard;
			sourceTree = "<group>";
		};
/* End PBXVariantGroup section */

/* Begin XCBuildConfiguration section */
		DDE9A2FF2BCD061100D23ED9 /* Debug */ = {
			isa = XCBuildConfiguration;
			buildSettings = {
				ALWAYS_SEARCH_USER_PATHS = NO;
				ASSETCATALOG_COMPILER_GENERATE_SWIFT_ASSET_SYMBOL_EXTENSIONS = YES;
				CLANG_ANALYZER_NONNULL = YES;
				CLANG_ANALYZER_NUMBER_OBJECT_CONVERSION = YES_AGGRESSIVE;
				CLANG_CXX_LANGUAGE_STANDARD = "gnu++20";
				CLANG_ENABLE_MODULES = YES;
				CLANG_ENABLE_OBJC_ARC = YES;
				CLANG_ENABLE_OBJC_WEAK = YES;
				CLANG_WARN_BLOCK_CAPTURE_AUTORELEASING = YES;
				CLANG_WARN_BOOL_CONVERSION = YES;
				CLANG_WARN_COMMA = YES;
				CLANG_WARN_CONSTANT_CONVERSION = YES;
				CLANG_WARN_DEPRECATED_OBJC_IMPLEMENTATIONS = YES;
				CLANG_WARN_DIRECT_OBJC_ISA_USAGE = YES_ERROR;
				CLANG_WARN_DOCUMENTATION_COMMENTS = YES;
				CLANG_WARN_EMPTY_BODY = YES;
				CLANG_WARN_ENUM_CONVERSION = YES;
				CLANG_WARN_INFINITE_RECURSION = YES;
				CLANG_WARN_INT_CONVERSION = YES;
				CLANG_WARN_NON_LITERAL_NULL_CONVERSION = YES;
				CLANG_WARN_OBJC_IMPLICIT_RETAIN_SELF = YES;
				CLANG_WARN_OBJC_LITERAL_CONVERSION = YES;
				CLANG_WARN_OBJC_ROOT_CLASS = YES_ERROR;
				CLANG_WARN_QUOTED_INCLUDE_IN_FRAMEWORK_HEADER = YES;
				CLANG_WARN_RANGE_LOOP_ANALYSIS = YES;
				CLANG_WARN_STRICT_PROTOTYPES = YES;
				CLANG_WARN_SUSPICIOUS_MOVE = YES;
				CLANG_WARN_UNGUARDED_AVAILABILITY = YES_AGGRESSIVE;
				CLANG_WARN_UNREACHABLE_CODE = YES;
				CLANG_WARN__DUPLICATE_METHOD_MATCH = YES;
				COPY_PHASE_STRIP = NO;
				DEBUG_INFORMATION_FORMAT = dwarf;
				ENABLE_STRICT_OBJC_MSGSEND = YES;
				ENABLE_TESTABILITY = YES;
				ENABLE_USER_SCRIPT_SANDBOXING = YES;
				GCC_C_LANGUAGE_STANDARD = gnu17;
				GCC_DYNAMIC_NO_PIC = NO;
				GCC_NO_COMMON_BLOCKS = YES;
				GCC_OPTIMIZATION_LEVEL = 0;
				GCC_PREPROCESSOR_DEFINITIONS = (
					"DEBUG=1",
					"$(inherited)",
				);
				GCC_WARN_64_TO_32_BIT_CONVERSION = YES;
				GCC_WARN_ABOUT_RETURN_TYPE = YES_ERROR;
				GCC_WARN_UNDECLARED_SELECTOR = YES;
				GCC_WARN_UNINITIALIZED_AUTOS = YES_AGGRESSIVE;
				GCC_WARN_UNUSED_FUNCTION = YES;
				GCC_WARN_UNUSED_VARIABLE = YES;
				IPHONEOS_DEPLOYMENT_TARGET = 17.0;
				LOCALIZATION_PREFERS_STRING_CATALOGS = YES;
				MTL_ENABLE_DEBUG_INFO = INCLUDE_SOURCE;
				MTL_FAST_MATH = YES;
				ONLY_ACTIVE_ARCH = YES;
				SDKROOT = iphoneos;
				SWIFT_ACTIVE_COMPILATION_CONDITIONS = "DEBUG $(inherited)";
				SWIFT_OPTIMIZATION_LEVEL = "-Onone";
			};
			name = Debug;
		};
		DDE9A3002BCD061100D23ED9 /* Release */ = {
			isa = XCBuildConfiguration;
			buildSettings = {
				ALWAYS_SEARCH_USER_PATHS = NO;
				ASSETCATALOG_COMPILER_GENERATE_SWIFT_ASSET_SYMBOL_EXTENSIONS = YES;
				CLANG_ANALYZER_NONNULL = YES;
				CLANG_ANALYZER_NUMBER_OBJECT_CONVERSION = YES_AGGRESSIVE;
				CLANG_CXX_LANGUAGE_STANDARD = "gnu++20";
				CLANG_ENABLE_MODULES = YES;
				CLANG_ENABLE_OBJC_ARC = YES;
				CLANG_ENABLE_OBJC_WEAK = YES;
				CLANG_WARN_BLOCK_CAPTURE_AUTORELEASING = YES;
				CLANG_WARN_BOOL_CONVERSION = YES;
				CLANG_WARN_COMMA = YES;
				CLANG_WARN_CONSTANT_CONVERSION = YES;
				CLANG_WARN_DEPRECATED_OBJC_IMPLEMENTATIONS = YES;
				CLANG_WARN_DIRECT_OBJC_ISA_USAGE = YES_ERROR;
				CLANG_WARN_DOCUMENTATION_COMMENTS = YES;
				CLANG_WARN_EMPTY_BODY = YES;
				CLANG_WARN_ENUM_CONVERSION = YES;
				CLANG_WARN_INFINITE_RECURSION = YES;
				CLANG_WARN_INT_CONVERSION = YES;
				CLANG_WARN_NON_LITERAL_NULL_CONVERSION = YES;
				CLANG_WARN_OBJC_IMPLICIT_RETAIN_SELF = YES;
				CLANG_WARN_OBJC_LITERAL_CONVERSION = YES;
				CLANG_WARN_OBJC_ROOT_CLASS = YES_ERROR;
				CLANG_WARN_QUOTED_INCLUDE_IN_FRAMEWORK_HEADER = YES;
				CLANG_WARN_RANGE_LOOP_ANALYSIS = YES;
				CLANG_WARN_STRICT_PROTOTYPES = YES;
				CLANG_WARN_SUSPICIOUS_MOVE = YES;
				CLANG_WARN_UNGUARDED_AVAILABILITY = YES_AGGRESSIVE;
				CLANG_WARN_UNREACHABLE_CODE = YES;
				CLANG_WARN__DUPLICATE_METHOD_MATCH = YES;
				COPY_PHASE_STRIP = NO;
				DEBUG_INFORMATION_FORMAT = "dwarf-with-dsym";
				ENABLE_NS_ASSERTIONS = NO;
				ENABLE_STRICT_OBJC_MSGSEND = YES;
				ENABLE_USER_SCRIPT_SANDBOXING = YES;
				GCC_C_LANGUAGE_STANDARD = gnu17;
				GCC_NO_COMMON_BLOCKS = YES;
				GCC_WARN_64_TO_32_BIT_CONVERSION = YES;
				GCC_WARN_ABOUT_RETURN_TYPE = YES_ERROR;
				GCC_WARN_UNDECLARED_SELECTOR = YES;
				GCC_WARN_UNINITIALIZED_AUTOS = YES_AGGRESSIVE;
				GCC_WARN_UNUSED_FUNCTION = YES;
				GCC_WARN_UNUSED_VARIABLE = YES;
				IPHONEOS_DEPLOYMENT_TARGET = 17.0;
				LOCALIZATION_PREFERS_STRING_CATALOGS = YES;
				MTL_ENABLE_DEBUG_INFO = NO;
				MTL_FAST_MATH = YES;
				SDKROOT = iphoneos;
				SWIFT_COMPILATION_MODE = wholemodule;
				VALIDATE_PRODUCT = YES;
			};
			name = Release;
		};
		DDE9A3022BCD061100D23ED9 /* Debug */ = {
			isa = XCBuildConfiguration;
			buildSettings = {
				ASSETCATALOG_COMPILER_APPICON_NAME = AppIcon;
				ASSETCATALOG_COMPILER_GLOBAL_ACCENT_COLOR_NAME = AccentColor;
				CODE_SIGN_STYLE = Automatic;
				CURRENT_PROJECT_VERSION = 1;
				GENERATE_INFOPLIST_FILE = YES;
				INFOPLIST_FILE = CoreTodoExample/Info.plist;
				INFOPLIST_KEY_UIApplicationSupportsIndirectInputEvents = YES;
				INFOPLIST_KEY_UILaunchStoryboardName = LaunchScreen;
				INFOPLIST_KEY_UIMainStoryboardFile = Main;
				INFOPLIST_KEY_UISupportedInterfaceOrientations_iPad = "UIInterfaceOrientationPortrait UIInterfaceOrientationPortraitUpsideDown UIInterfaceOrientationLandscapeLeft UIInterfaceOrientationLandscapeRight";
				INFOPLIST_KEY_UISupportedInterfaceOrientations_iPhone = "UIInterfaceOrientationPortrait UIInterfaceOrientationLandscapeLeft UIInterfaceOrientationLandscapeRight";
				LD_RUNPATH_SEARCH_PATHS = (
					"$(inherited)",
					"@executable_path/Frameworks",
				);
				MARKETING_VERSION = 1.0;
				PRODUCT_BUNDLE_IDENTIFIER = name.woozzaang.CoreTodoExample;
				PRODUCT_NAME = "$(TARGET_NAME)";
				SWIFT_EMIT_LOC_STRINGS = YES;
				SWIFT_VERSION = 5.0;
				TARGETED_DEVICE_FAMILY = "1,2";
			};
			name = Debug;
		};
		DDE9A3032BCD061100D23ED9 /* Release */ = {
			isa = XCBuildConfiguration;
			buildSettings = {
				ASSETCATALOG_COMPILER_APPICON_NAME = AppIcon;
				ASSETCATALOG_COMPILER_GLOBAL_ACCENT_COLOR_NAME = AccentColor;
				CODE_SIGN_STYLE = Automatic;
				CURRENT_PROJECT_VERSION = 1;
				GENERATE_INFOPLIST_FILE = YES;
				INFOPLIST_FILE = CoreTodoExample/Info.plist;
				INFOPLIST_KEY_UIApplicationSupportsIndirectInputEvents = YES;
				INFOPLIST_KEY_UILaunchStoryboardName = LaunchScreen;
				INFOPLIST_KEY_UIMainStoryboardFile = Main;
				INFOPLIST_KEY_UISupportedInterfaceOrientations_iPad = "UIInterfaceOrientationPortrait UIInterfaceOrientationPortraitUpsideDown UIInterfaceOrientationLandscapeLeft UIInterfaceOrientationLandscapeRight";
				INFOPLIST_KEY_UISupportedInterfaceOrientations_iPhone = "UIInterfaceOrientationPortrait UIInterfaceOrientationLandscapeLeft UIInterfaceOrientationLandscapeRight";
				LD_RUNPATH_SEARCH_PATHS = (
					"$(inherited)",
					"@executable_path/Frameworks",
				);
				MARKETING_VERSION = 1.0;
				PRODUCT_BUNDLE_IDENTIFIER = name.woozzaang.CoreTodoExample;
				PRODUCT_NAME = "$(TARGET_NAME)";
				SWIFT_EMIT_LOC_STRINGS = YES;
				SWIFT_VERSION = 5.0;
				TARGETED_DEVICE_FAMILY = "1,2";
			};
			name = Release;
		};
/* End XCBuildConfiguration section */

/* Begin XCConfigurationList section */
		DDE9A2E82BCD061000D23ED9 /* Build configuration list for PBXProject "CoreTodoExample" */ = {
			isa = XCConfigurationList;
			buildConfigurations = (
				DDE9A2FF2BCD061100D23ED9 /* Debug */,
				DDE9A3002BCD061100D23ED9 /* Release */,
			);
			defaultConfigurationIsVisible = 0;
			defaultConfigurationName = Release;
		};
		DDE9A3012BCD061100D23ED9 /* Build configuration list for PBXNativeTarget "CoreTodoExample" */ = {
			isa = XCConfigurationList;
			buildConfigurations = (
				DDE9A3022BCD061100D23ED9 /* Debug */,
				DDE9A3032BCD061100D23ED9 /* Release */,
			);
			defaultConfigurationIsVisible = 0;
			defaultConfigurationName = Release;
		};
/* End XCConfigurationList section */

/* Begin XCVersionGroup section */
		DDE9A3042BCD063600D23ED9 /* Todo.xcdatamodeld */ = {
			isa = XCVersionGroup;
			children = (
				DDE9A3052BCD063600D23ED9 /* Todo.xcdatamodel */,
			);
			currentVersion = DDE9A3052BCD063600D23ED9 /* Todo.xcdatamodel */;
			path = Todo.xcdatamodeld;
			sourceTree = "<group>";
			versionGroupType = wrapper.xcdatamodel;
		};
/* End XCVersionGroup section */
	};
	rootObject = DDE9A2E52BCD061000D23ED9 /* Project object */;
}
